
Microsoft Visual Studio Solution File, Format Version 12.00
# Visual Studio Version 17
VisualStudioVersion = 17.3.32929.385
MinimumVisualStudioVersion = 10.0.40219.1
Project("{FAE04EC0-301F-11D3-BF4B-00C04F79EFBC}") = "Exec_For02", "Exec_For02\Exec_For02.csproj", "{EA59C3E7-81BF-47A7-A52A-501AB4817F1E}"
EndProject
Global
	GlobalSection(SolutionConfigurationPlatforms) = preSolution
		Debug|Any CPU = Debug|Any CPU
		Release|Any CPU = Release|Any CPU
	EndGlobalSection
	GlobalSection(ProjectConfigurationPlatforms) = postSolution
		{EA59C3E7-81BF-47A7-A52A-501AB4817F1E}.Debug|Any CPU.ActiveCfg = Debug|Any CPU
		{EA59C3E7-81BF-47A7-A52A-501AB4817F1E}.Debug|Any CPU.Build.0 = Debug|Any CPU
		{EA59C3E7-81BF-47A7-A52A-501AB4817F1E}.Release|Any CPU.ActiveCfg = Release|Any CPU
		{EA59C3E7-81BF-47A7-A52A-501AB4817F1E}.Release|Any CPU.Build.0 = Release|Any CPU
	EndGlobalSection
	GlobalSection(SolutionProperties) = preSolution
		HideSolutionNode = FALSE
	EndGlobalSection
	GlobalSection(ExtensibilityGlobals) = postSolution
		SolutionGuid = {E678A78A-AE04-4A90-8595-D064A7CCD8E8}
	EndGlobalSection
EndGlobal
